
Microsoft Visual Studio Solution File, Format Version 12.00
# Visual Studio 2012
Project("{2150E333-8FDC-42A3-9474-1A3956D46DE8}") = "DL", "DL", "{ECF2AD39-AC27-41BD-9719-D7956C446ECF}"
EndProject
Project("{2150E333-8FDC-42A3-9474-1A3956D46DE8}") = "BL", "BL", "{4F5DB87A-8A22-4D5D-856C-7DE58D67A543}"
EndProject
Project("{FAE04EC0-301F-11D3-BF4B-00C04F79EFBC}") = "servicioPrueba", "servicioPrueba\servicioPrueba.csproj", "{D5F14946-FE1D-45E8-BD7C-C52611E7D520}"
EndProject
Project("{FAE04EC0-301F-11D3-BF4B-00C04F79EFBC}") = "SI.ServiceImplementation", "SI.ServiceImplementation\SI.ServiceImplementation.csproj", "{46327F97-F5C7-4C95-8520-D8D02F78686F}"
EndProject
Project("{FAE04EC0-301F-11D3-BF4B-00C04F79EFBC}") = "SI.DataContract", "SI.DataContract\SI.DataContract.csproj", "{7D2B8CED-F7A1-4998-BE02-493215E88497}"
EndProject
Project("{FAE04EC0-301F-11D3-BF4B-00C04F79EFBC}") = "SI.ServiceContracts", "SI.ServiceContracts\SI.ServiceContracts.csproj", "{0C54BF31-C756-48C1-BB40-1110A502A184}"
EndProject
Project("{FAE04EC0-301F-11D3-BF4B-00C04F79EFBC}") = "DL.DataModel", "SI.DataModel\DL.DataModel.csproj", "{7E8B222A-8FE0-4E9D-9EFC-57F608E7775F}"
EndProject
Project("{FAE04EC0-301F-11D3-BF4B-00C04F79EFBC}") = "DL.Dalc", "DL.Dalc\DL.Dalc.csproj", "{FACA7434-AA09-4A74-8562-5D652F6C36FC}"
EndProject
Project("{FAE04EC0-301F-11D3-BF4B-00C04F79EFBC}") = "BL.BC", "BL.BC\BL.BC.csproj", "{3E4AE4C3-F6C4-434B-A7B7-BAAB74C9E46A}"
EndProject
Project("{FAE04EC0-301F-11D3-BF4B-00C04F79EFBC}") = "BL.BE", "BL.BE\BL.BE.csproj", "{B8381572-DCD3-4577-8A9E-42BBD0D107C5}"
EndProject
Global
	GlobalSection(SolutionConfigurationPlatforms) = preSolution
		Debug|Any CPU = Debug|Any CPU
		Release|Any CPU = Release|Any CPU
	EndGlobalSection
	GlobalSection(ProjectConfigurationPlatforms) = postSolution
		{D5F14946-FE1D-45E8-BD7C-C52611E7D520}.Debug|Any CPU.ActiveCfg = Debug|Any CPU
		{D5F14946-FE1D-45E8-BD7C-C52611E7D520}.Debug|Any CPU.Build.0 = Debug|Any CPU
		{D5F14946-FE1D-45E8-BD7C-C52611E7D520}.Release|Any CPU.ActiveCfg = Release|Any CPU
		{D5F14946-FE1D-45E8-BD7C-C52611E7D520}.Release|Any CPU.Build.0 = Release|Any CPU
		{46327F97-F5C7-4C95-8520-D8D02F78686F}.Debug|Any CPU.ActiveCfg = Debug|Any CPU
		{46327F97-F5C7-4C95-8520-D8D02F78686F}.Debug|Any CPU.Build.0 = Debug|Any CPU
		{46327F97-F5C7-4C95-8520-D8D02F78686F}.Release|Any CPU.ActiveCfg = Release|Any CPU
		{46327F97-F5C7-4C95-8520-D8D02F78686F}.Release|Any CPU.Build.0 = Release|Any CPU
		{7D2B8CED-F7A1-4998-BE02-493215E88497}.Debug|Any CPU.ActiveCfg = Debug|Any CPU
		{7D2B8CED-F7A1-4998-BE02-493215E88497}.Debug|Any CPU.Build.0 = Debug|Any CPU
		{7D2B8CED-F7A1-4998-BE02-493215E88497}.Release|Any CPU.ActiveCfg = Release|Any CPU
		{7D2B8CED-F7A1-4998-BE02-493215E88497}.Release|Any CPU.Build.0 = Release|Any CPU
		{0C54BF31-C756-48C1-BB40-1110A502A184}.Debug|Any CPU.ActiveCfg = Debug|Any CPU
		{0C54BF31-C756-48C1-BB40-1110A502A184}.Debug|Any CPU.Build.0 = Debug|Any CPU
		{0C54BF31-C756-48C1-BB40-1110A502A184}.Release|Any CPU.ActiveCfg = Release|Any CPU
		{0C54BF31-C756-48C1-BB40-1110A502A184}.Release|Any CPU.Build.0 = Release|Any CPU
		{7E8B222A-8FE0-4E9D-9EFC-57F608E7775F}.Debug|Any CPU.ActiveCfg = Debug|Any CPU
		{7E8B222A-8FE0-4E9D-9EFC-57F608E7775F}.Debug|Any CPU.Build.0 = Debug|Any CPU
		{7E8B222A-8FE0-4E9D-9EFC-57F608E7775F}.Release|Any CPU.ActiveCfg = Release|Any CPU
		{7E8B222A-8FE0-4E9D-9EFC-57F608E7775F}.Release|Any CPU.Build.0 = Release|Any CPU
		{FACA7434-AA09-4A74-8562-5D652F6C36FC}.Debug|Any CPU.ActiveCfg = Debug|Any CPU
		{FACA7434-AA09-4A74-8562-5D652F6C36FC}.Debug|Any CPU.Build.0 = Debug|Any CPU
		{FACA7434-AA09-4A74-8562-5D652F6C36FC}.Release|Any CPU.ActiveCfg = Release|Any CPU
		{FACA7434-AA09-4A74-8562-5D652F6C36FC}.Release|Any CPU.Build.0 = Release|Any CPU
		{3E4AE4C3-F6C4-434B-A7B7-BAAB74C9E46A}.Debug|Any CPU.ActiveCfg = Debug|Any CPU
		{3E4AE4C3-F6C4-434B-A7B7-BAAB74C9E46A}.Debug|Any CPU.Build.0 = Debug|Any CPU
		{3E4AE4C3-F6C4-434B-A7B7-BAAB74C9E46A}.Release|Any CPU.ActiveCfg = Release|Any CPU
		{3E4AE4C3-F6C4-434B-A7B7-BAAB74C9E46A}.Release|Any CPU.Build.0 = Release|Any CPU
		{B8381572-DCD3-4577-8A9E-42BBD0D107C5}.Debug|Any CPU.ActiveCfg = Debug|Any CPU
		{B8381572-DCD3-4577-8A9E-42BBD0D107C5}.Debug|Any CPU.Build.0 = Debug|Any CPU
		{B8381572-DCD3-4577-8A9E-42BBD0D107C5}.Release|Any CPU.ActiveCfg = Release|Any CPU
		{B8381572-DCD3-4577-8A9E-42BBD0D107C5}.Release|Any CPU.Build.0 = Release|Any CPU
	EndGlobalSection
	GlobalSection(SolutionProperties) = preSolution
		HideSolutionNode = FALSE
	EndGlobalSection
	GlobalSection(NestedProjects) = preSolution
		{7E8B222A-8FE0-4E9D-9EFC-57F608E7775F} = {ECF2AD39-AC27-41BD-9719-D7956C446ECF}
		{FACA7434-AA09-4A74-8562-5D652F6C36FC} = {ECF2AD39-AC27-41BD-9719-D7956C446ECF}
		{3E4AE4C3-F6C4-434B-A7B7-BAAB74C9E46A} = {4F5DB87A-8A22-4D5D-856C-7DE58D67A543}
		{B8381572-DCD3-4577-8A9E-42BBD0D107C5} = {4F5DB87A-8A22-4D5D-856C-7DE58D67A543}
	EndGlobalSection
EndGlobal
